// !$*UTF8*$!
{
	archiveVersion = 1;
	classes = {
	};
	objectVersion = 50;
	objects = {

/* Begin PBXBuildFile section */
		CBD2B96A2161E7790012F9B6 /* GridViewerApplicationDelegate.m in Sources */ = {isa = PBXBuildFile; fileRef = CBD2B9692161E7790012F9B6 /* GridViewerApplicationDelegate.m */; };
		CBD2B96C2161E77B0012F9B6 /* Assets.xcassets in Resources */ = {isa = PBXBuildFile; fileRef = CBD2B96B2161E77B0012F9B6 /* Assets.xcassets */; };
		CBD2B9722161E77B0012F9B6 /* main.m in Sources */ = {isa = PBXBuildFile; fileRef = CBD2B9712161E77B0012F9B6 /* main.m */; };
		CBD2B9832161FAD60012F9B6 /* PSObjectGridViewController.m in Sources */ = {isa = PBXBuildFile; fileRef = CBD2B9812161FAD60012F9B6 /* PSObjectGridViewController.m */; };
		CBD2B98A21630BB40012F9B6 /* Storyboard.storyboard in Resources */ = {isa = PBXBuildFile; fileRef = CBD2B98921630BB40012F9B6 /* Storyboard.storyboard */; };
/* End PBXBuildFile section */

/* Begin PBXFileReference section */
		CBD2B9652161E7790012F9B6 /* GridViewer.app */ = {isa = PBXFileReference; explicitFileType = wrapper.application; includeInIndex = 0; path = GridViewer.app; sourceTree = BUILT_PRODUCTS_DIR; };
		CBD2B9682161E7790012F9B6 /* GridViewerApplicationDelegate.h */ = {isa = PBXFileReference; lastKnownFileType = sourcecode.c.h; path = GridViewerApplicationDelegate.h; sourceTree = "<group>"; };
		CBD2B9692161E7790012F9B6 /* GridViewerApplicationDelegate.m */ = {isa = PBXFileReference; lastKnownFileType = sourcecode.c.objc; path = GridViewerApplicationDelegate.m; sourceTree = "<group>"; };
		CBD2B96B2161E77B0012F9B6 /* Assets.xcassets */ = {isa = PBXFileReference; lastKnownFileType = folder.assetcatalog; path = Assets.xcassets; sourceTree = "<group>"; };
		CBD2B9702161E77B0012F9B6 /* Info.plist */ = {isa = PBXFileReference; lastKnownFileType = text.plist.xml; path = Info.plist; sourceTree = "<group>"; };
		CBD2B9712161E77B0012F9B6 /* main.m */ = {isa = PBXFileReference; lastKnownFileType = sourcecode.c.objc; path = main.m; sourceTree = "<group>"; };
		CBD2B9802161FAD60012F9B6 /* PSObjectGridViewController.h */ = {isa = PBXFileReference; lastKnownFileType = sourcecode.c.h; path = PSObjectGridViewController.h; sourceTree = "<group>"; };
		CBD2B9812161FAD60012F9B6 /* PSObjectGridViewController.m */ = {isa = PBXFileReference; lastKnownFileType = sourcecode.c.objc; path = PSObjectGridViewController.m; sourceTree = "<group>"; };
		CBD2B98921630BB40012F9B6 /* Storyboard.storyboard */ = {isa = PBXFileReference; lastKnownFileType = file.storyboard; path = Storyboard.storyboard; sourceTree = "<group>"; };
/* End PBXFileReference section */

/* Begin PBXFrameworksBuildPhase section */
		CBD2B9622161E7790012F9B6 /* Frameworks */ = {
			isa = PBXFrameworksBuildPhase;
			buildActionMask = 2147483647;
			files = (
			);
			runOnlyForDeploymentPostprocessing = 0;
		};
/* End PBXFrameworksBuildPhase section */

/* Begin PBXGroup section */
		CBD2B95C2161E7790012F9B6 = {
			isa = PBXGroup;
			children = (
				CBD2B98921630BB40012F9B6 /* Storyboard.storyboard */,
				CBD2B9682161E7790012F9B6 /* GridViewerApplicationDelegate.h */,
				CBD2B9692161E7790012F9B6 /* GridViewerApplicationDelegate.m */,
				CBD2B96B2161E77B0012F9B6 /* Assets.xcassets */,
				CBD2B9702161E77B0012F9B6 /* Info.plist */,
				CBD2B9712161E77B0012F9B6 /* main.m */,
				CBD2B9802161FAD60012F9B6 /* PSObjectGridViewController.h */,
				CBD2B9812161FAD60012F9B6 /* PSObjectGridViewController.m */,
				CBD2B9662161E7790012F9B6 /* Products */,
			);
			sourceTree = "<group>";
		};
		CBD2B9662161E7790012F9B6 /* Products */ = {
			isa = PBXGroup;
			children = (
				CBD2B9652161E7790012F9B6 /* GridViewer.app */,
			);
			name = Products;
			sourceTree = "<group>";
		};
/* End PBXGroup section */

/* Begin PBXNativeTarget section */
		CBD2B9642161E7790012F9B6 /* GridViewer */ = {
			isa = PBXNativeTarget;
			buildConfigurationList = CBD2B9762161E77B0012F9B6 /* Build configuration list for PBXNativeTarget "GridViewer" */;
			buildPhases = (
				CBD2B9612161E7790012F9B6 /* Sources */,
				CBD2B9622161E7790012F9B6 /* Frameworks */,
				CBD2B9632161E7790012F9B6 /* Resources */,
			);
			buildRules = (
			);
			dependencies = (
			);
			name = GridViewer;
			productName = GridViewer;
			productReference = CBD2B9652161E7790012F9B6 /* GridViewer.app */;
			productType = "com.apple.product-type.application";
		};
/* End PBXNativeTarget section */

/* Begin PBXProject section */
		CBD2B95D2161E7790012F9B6 /* Project object */ = {
			isa = PBXProject;
			attributes = {
				LastUpgradeCheck = 1000;
				ORGANIZATIONNAME = "Charlie Schmidt";
				TargetAttributes = {
					CBD2B9642161E7790012F9B6 = {
						CreatedOnToolsVersion = 10.0;
					};
				};
			};
			buildConfigurationList = CBD2B9602161E7790012F9B6 /* Build configuration list for PBXProject "GridViewer" */;
			compatibilityVersion = "Xcode 9.3";
			developmentRegion = en;
			hasScannedForEncodings = 0;
			knownRegions = (
				en,
				Base,
			);
			mainGroup = CBD2B95C2161E7790012F9B6;
			productRefGroup = CBD2B9662161E7790012F9B6 /* Products */;
			projectDirPath = "";
			projectRoot = "";
			targets = (
				CBD2B9642161E7790012F9B6 /* GridViewer */,
			);
		};
/* End PBXProject section */

/* Begin PBXResourcesBuildPhase section */
		CBD2B9632161E7790012F9B6 /* Resources */ = {
			isa = PBXResourcesBuildPhase;
			buildActionMask = 2147483647;
			files = (
				CBD2B98A21630BB40012F9B6 /* Storyboard.storyboard in Resources */,
				CBD2B96C2161E77B0012F9B6 /* Assets.xcassets in Resources */,
			);
			runOnlyForDeploymentPostprocessing = 0;
		};
/* End PBXResourcesBuildPhase section */

/* Begin PBXSourcesBuildPhase section */
		CBD2B9612161E7790012F9B6 /* Sources */ = {
			isa = PBXSourcesBuildPhase;
			buildActionMask = 2147483647;
			files = (
				CBD2B9722161E77B0012F9B6 /* main.m in Sources */,
				CBD2B9832161FAD60012F9B6 /* PSObjectGridViewController.m in Sources */,
				CBD2B96A2161E7790012F9B6 /* GridViewerApplicationDelegate.m in Sources */,
			);
			runOnlyForDeploymentPostprocessing = 0;
		};
/* End PBXSourcesBuildPhase section */

/* Begin XCBuildConfiguration section */
		CBD2B9742161E77B0012F9B6 /* Debug */ = {
			isa = XCBuildConfiguration;
			buildSettings = {
				ALWAYS_SEARCH_USER_PATHS = NO;
				CLANG_ANALYZER_NONNULL = YES;
				CLANG_ANALYZER_NUMBER_OBJECT_CONVERSION = YES_AGGRESSIVE;
				CLANG_CXX_LANGUAGE_STANDARD = "gnu++14";
				CLANG_CXX_LIBRARY = "libc++";
				CLANG_ENABLE_MODULES = YES;
				CLANG_ENABLE_OBJC_ARC = YES;
				CLANG_ENABLE_OBJC_WEAK = YES;
				CLANG_WARN_BLOCK_CAPTURE_AUTORELEASING = YES;
				CLANG_WARN_BOOL_CONVERSION = YES;
				CLANG_WARN_COMMA = YES;
				CLANG_WARN_CONSTANT_CONVERSION = YES;
				CLANG_WARN_DEPRECATED_OBJC_IMPLEMENTATIONS = YES;
				CLANG_WARN_DIRECT_OBJC_ISA_USAGE = YES_ERROR;
				CLANG_WARN_DOCUMENTATION_COMMENTS = YES;
				CLANG_WARN_EMPTY_BODY = YES;
				CLANG_WARN_ENUM_CONVERSION = YES;
				CLANG_WARN_INFINITE_RECURSION = YES;
				CLANG_WARN_INT_CONVERSION = YES;
				CLANG_WARN_NON_LITERAL_NULL_CONVERSION = YES;
				CLANG_WARN_OBJC_IMPLICIT_RETAIN_SELF = YES;
				CLANG_WARN_OBJC_LITERAL_CONVERSION = YES;
				CLANG_WARN_OBJC_ROOT_CLASS = YES_ERROR;
				CLANG_WARN_RANGE_LOOP_ANALYSIS = YES;
				CLANG_WARN_STRICT_PROTOTYPES = YES;
				CLANG_WARN_SUSPICIOUS_MOVE = YES;
				CLANG_WARN_UNGUARDED_AVAILABILITY = YES_AGGRESSIVE;
				CLANG_WARN_UNREACHABLE_CODE = YES;
				CLANG_WARN__DUPLICATE_METHOD_MATCH = YES;
				CODE_SIGN_IDENTITY = "Mac Developer";
				COPY_PHASE_STRIP = NO;
				DEBUG_INFORMATION_FORMAT = dwarf;
				ENABLE_STRICT_OBJC_MSGSEND = YES;
				ENABLE_TESTABILITY = YES;
				GCC_C_LANGUAGE_STANDARD = gnu11;
				GCC_DYNAMIC_NO_PIC = NO;
				GCC_NO_COMMON_BLOCKS = YES;
				GCC_OPTIMIZATION_LEVEL = 0;
				GCC_PREPROCESSOR_DEFINITIONS = (
					"DEBUG=1",
					"$(inherited)",
				);
				GCC_WARN_64_TO_32_BIT_CONVERSION = YES;
				GCC_WARN_ABOUT_RETURN_TYPE = YES_ERROR;
				GCC_WARN_UNDECLARED_SELECTOR = YES;
				GCC_WARN_UNINITIALIZED_AUTOS = YES_AGGRESSIVE;
				GCC_WARN_UNUSED_FUNCTION = YES;
				GCC_WARN_UNUSED_VARIABLE = YES;
				MACOSX_DEPLOYMENT_TARGET = 10.12;
				MTL_ENABLE_DEBUG_INFO = INCLUDE_SOURCE;
				MTL_FAST_MATH = YES;
				ONLY_ACTIVE_ARCH = YES;
				SDKROOT = macosx;
			};
			name = Debug;
		};
		CBD2B9752161E77B0012F9B6 /* Release */ = {
			isa = XCBuildConfiguration;
			buildSettings = {
				ALWAYS_SEARCH_USER_PATHS = NO;
				CLANG_ANALYZER_NONNULL = YES;
				CLANG_ANALYZER_NUMBER_OBJECT_CONVERSION = YES_AGGRESSIVE;
				CLANG_CXX_LANGUAGE_STANDARD = "gnu++14";
				CLANG_CXX_LIBRARY = "libc++";
				CLANG_ENABLE_MODULES = YES;
				CLANG_ENABLE_OBJC_ARC = YES;
				CLANG_ENABLE_OBJC_WEAK = YES;
				CLANG_WARN_BLOCK_CAPTURE_AUTORELEASING = YES;
				CLANG_WARN_BOOL_CONVERSION = YES;
				CLANG_WARN_COMMA = YES;
				CLANG_WARN_CONSTANT_CONVERSION = YES;
				CLANG_WARN_DEPRECATED_OBJC_IMPLEMENTATIONS = YES;
				CLANG_WARN_DIRECT_OBJC_ISA_USAGE = YES_ERROR;
				CLANG_WARN_DOCUMENTATION_COMMENTS = YES;
				CLANG_WARN_EMPTY_BODY = YES;
				CLANG_WARN_ENUM_CONVERSION = YES;
				CLANG_WARN_INFINITE_RECURSION = YES;
				CLANG_WARN_INT_CONVERSION = YES;
				CLANG_WARN_NON_LITERAL_NULL_CONVERSION = YES;
				CLANG_WARN_OBJC_IMPLICIT_RETAIN_SELF = YES;
				CLANG_WARN_OBJC_LITERAL_CONVERSION = YES;
				CLANG_WARN_OBJC_ROOT_CLASS = YES_ERROR;
				CLANG_WARN_RANGE_LOOP_ANALYSIS = YES;
				CLANG_WARN_STRICT_PROTOTYPES = YES;
				CLANG_WARN_SUSPICIOUS_MOVE = YES;
				CLANG_WARN_UNGUARDED_AVAILABILITY = YES_AGGRESSIVE;
				CLANG_WARN_UNREACHABLE_CODE = YES;
				CLANG_WARN__DUPLICATE_METHOD_MATCH = YES;
				CODE_SIGN_IDENTITY = "Mac Developer";
				COPY_PHASE_STRIP = NO;
				DEBUG_INFORMATION_FORMAT = "dwarf-with-dsym";
				ENABLE_NS_ASSERTIONS = NO;
				ENABLE_STRICT_OBJC_MSGSEND = YES;
				GCC_C_LANGUAGE_STANDARD = gnu11;
				GCC_NO_COMMON_BLOCKS = YES;
				GCC_WARN_64_TO_32_BIT_CONVERSION = YES;
				GCC_WARN_ABOUT_RETURN_TYPE = YES_ERROR;
				GCC_WARN_UNDECLARED_SELECTOR = YES;
				GCC_WARN_UNINITIALIZED_AUTOS = YES_AGGRESSIVE;
				GCC_WARN_UNUSED_FUNCTION = YES;
				GCC_WARN_UNUSED_VARIABLE = YES;
				MACOSX_DEPLOYMENT_TARGET = 10.12;
				MTL_ENABLE_DEBUG_INFO = NO;
				MTL_FAST_MATH = YES;
				SDKROOT = macosx;
			};
			name = Release;
		};
		CBD2B9772161E77B0012F9B6 /* Debug */ = {
			isa = XCBuildConfiguration;
			buildSettings = {
				ASSETCATALOG_COMPILER_APPICON_NAME = AppIcon;
				CODE_SIGN_IDENTITY = "-";
				CODE_SIGN_STYLE = Automatic;
				COMBINE_HIDPI_IMAGES = YES;
				DEVELOPMENT_TEAM = 359Z4D5QD2;
				INFOPLIST_FILE = Info.plist;
				LD_RUNPATH_SEARCH_PATHS = (
					"$(inherited)",
					"@executable_path/../Frameworks",
				);
				MACOSX_DEPLOYMENT_TARGET = 10.12;
				PRODUCT_BUNDLE_IDENTIFIER = com.charlieschmidt.GridViewer;
				PRODUCT_NAME = "$(TARGET_NAME)";
			};
			name = Debug;
		};
		CBD2B9782161E77B0012F9B6 /* Release */ = {
			isa = XCBuildConfiguration;
			buildSettings = {
				ASSETCATALOG_COMPILER_APPICON_NAME = AppIcon;
				CODE_SIGN_IDENTITY = "-";
				CODE_SIGN_STYLE = Automatic;
				COMBINE_HIDPI_IMAGES = YES;
				DEVELOPMENT_TEAM = 359Z4D5QD2;
				INFOPLIST_FILE = Info.plist;
				LD_RUNPATH_SEARCH_PATHS = (
					"$(inherited)",
					"@executable_path/../Frameworks",
				);
				PRODUCT_BUNDLE_IDENTIFIER = com.charlieschmidt.GridViewer;
				PRODUCT_NAME = "$(TARGET_NAME)";
			};
			name = Release;
		};
/* End XCBuildConfiguration section */

/* Begin XCConfigurationList section */
		CBD2B9602161E7790012F9B6 /* Build configuration list for PBXProject "GridViewer" */ = {
			isa = XCConfigurationList;
			buildConfigurations = (
				CBD2B9742161E77B0012F9B6 /* Debug */,
				CBD2B9752161E77B0012F9B6 /* Release */,
			);
			defaultConfigurationIsVisible = 0;
			defaultConfigurationName = Release;
		};
		CBD2B9762161E77B0012F9B6 /* Build configuration list for PBXNativeTarget "GridViewer" */ = {
			isa = XCConfigurationList;
			buildConfigurations = (
				CBD2B9772161E77B0012F9B6 /* Debug */,
				CBD2B9782161E77B0012F9B6 /* Release */,
			);
			defaultConfigurationIsVisible = 0;
			defaultConfigurationName = Release;
		};
/* End XCConfigurationList section */
	};
	rootObject = CBD2B95D2161E7790012F9B6 /* Project object */;
}
